// !$*UTF8*$!
{
	archiveVersion = 1;
	classes = {
	};
	objectVersion = 46;
	objects = {

/* Begin PBXAggregateTarget section */
		9CFF64B07B8E185F6307E77B /* JUCEbox - All */ = {
			isa = PBXAggregateTarget;
			buildConfigurationList = AB48D1A1E449DB72A0E96A57;
			buildPhases = (
			);
			dependencies = (
				7E2C51F801FCC5A435890BA1,
				2C0377046ABCAFA93FBAD0C5,
				A765FE087FE12F32C75D0065,
			);
			name = "JUCEbox - All";
			productName = JUCEbox;
		};
/* End PBXAggregateTarget section */

/* Begin PBXBuildFile section */
		01E2116FEFB0C9FF591EBFFA /* include_juce_audio_utils.mm */ = {isa = PBXBuildFile; fileRef = 287910EC378E7D0BF84DB1AD; };
		06E1F5C4651C547E2AFAF2AE /* RecentFilesMenuTemplate.nib */ = {isa = PBXBuildFile; fileRef = 1DFB6C3792514F25180ECFBD; };
		0CA830925BD149369C14776E /* AudioToolbox.framework */ = {isa = PBXBuildFile; fileRef = 0375F7D26F20AA2A600F2800; };
		154D6168002E934CC7F36272 /* Cocoa.framework */ = {isa = PBXBuildFile; fileRef = 46D478837E53BCD675211E6B; };
		1DCD6DF62CAF5468B00E7D7A /* include_juce_audio_processors_headless.mm */ = {isa = PBXBuildFile; fileRef = DCD33809228B557ACE67E635; };
		28E64C7E23595DB1ACABAC1E /* include_juce_audio_processors_headless_lv2_libs.cpp */ = {isa = PBXBuildFile; fileRef = 142F411DFC45E29719B21AD3; };
		2979D48EA40839D030369BEE /* Security.framework */ = {isa = PBXBuildFile; fileRef = 16C42EE8088857EFCADD24FB; };
		2B55A7A978BC61ECD787F365 /* DiscRecording.framework */ = {isa = PBXBuildFile; fileRef = 6618491863DB6DF2D439E080; };
		30DAA2E95F2A24F73C175D01 /* include_juce_gui_basics.mm */ = {isa = PBXBuildFile; fileRef = 6287AD9E0A7DA787C72BEAE5; };
		316F44645DEA453B950DB29A /* include_juce_audio_plugin_client_AU_2.mm */ = {isa = PBXBuildFile; fileRef = 14EFF067DF8349F552D3F917; };
		3658F60AAAC3CE1F44066B93 /* CoreAudio.framework */ = {isa = PBXBuildFile; fileRef = 41C6A15D72516C5C9EFD2892; };
		4AF888C19F081B6B34F191FA /* include_juce_events.mm */ = {isa = PBXBuildFile; fileRef = F0CDE0989A5425188F1CEFAD; };
		4BBB2B307CEA43E796976BBF /* AU */ = {isa = PBXBuildFile; fileRef = C2ED3CEAA9D3A1CA2C157821; };
		4FD6BC61BA983AAB51A73F84 /* include_juce_data_structures.mm */ = {isa = PBXBuildFile; fileRef = B582F677E6BB861949C6E05C; };
		53A910B9C6B299AEDFBB2C54 /* include_juce_core_CompilationTime.cpp */ = {isa = PBXBuildFile; fileRef = 7B85A320A6BEF98B5BBC68FF; };
		55C6EB8753C2DD013B3782DE /* MetalKit.framework */ = {isa = PBXBuildFile; fileRef = 6057B0DF5D98CF01B2575ED8; settings = { ATTRIBUTES = (Weak, ); }; };
		5A819971C37780692B6AD3FC /* include_juce_core.mm */ = {isa = PBXBuildFile; fileRef = 01F927D70944EFD789A8AD41; };
		5E6F22D5165C443B7402FD5D /* CoreAudioKit.framework */ = {isa = PBXBuildFile; fileRef = 1670164CE86096BE56A72090; };
		6E52FEBD1EF71F9C590C583C /* PluginProcessor.cpp */ = {isa = PBXBuildFile; fileRef = A30862FCB9F8353DCC7B161E; };
		73DB2DEFC99F5AA48FDC1537 /* Metal.framework */ = {isa = PBXBuildFile; fileRef = F2670809E6E1837D66669BDC; settings = { ATTRIBUTES = (Weak, ); }; };
		79CE796200E77EDADD5041DA /* include_juce_graphics_Sheenbidi.c */ = {isa = PBXBuildFile; fileRef = 31322188BB36C8B28B22244A; };
		80515CD846A6DEE764880E8F /* include_juce_graphics_Harfbuzz.cpp */ = {isa = PBXBuildFile; fileRef = 98FDEBE60C290C8B793DF467; };
		9E7A5F1D4619D5CEFDEC8A9A /* PluginEditor.cpp */ = {isa = PBXBuildFile; fileRef = 40927F50D9C7DB2AF5E984B0; };
		A1A4B7B9BF74EA0915A61E3E /* IOKit.framework */ = {isa = PBXBuildFile; fileRef = 058F9397AD4C92C6AE91FAB1; };
		A7E1079EBA623E8E1F4F1EF4 /* include_juce_gui_extra.mm */ = {isa = PBXBuildFile; fileRef = 4D7FDBB860391BEA76519872; };
		A80E22744EBC36F053803C61 /* include_juce_audio_plugin_client_AU_1.mm */ = {isa = PBXBuildFile; fileRef = 0E245242DD5F920BD5D3822E; };
		AEF112D116C22AF6136F87FF /* include_juce_audio_processors_headless_ara.cpp */ = {isa = PBXBuildFile; fileRef = 7F5C9EB07E49F0874509E90E; };
		B0C29AAAFB514FC14DE90DC9 /* AudioUnit.framework */ = {isa = PBXBuildFile; fileRef = A91DD5B855BBDF4048F2D02A; };
		B4063669C31C558631556D31 /* Accelerate.framework */ = {isa = PBXBuildFile; fileRef = EF8B93728672428B7583283D; };
		B54761ECD7709E184D2ED316 /* include_juce_audio_plugin_client_ARA.cpp */ = {isa = PBXBuildFile; fileRef = DBE93DD9E58886B2F12F2606; };
		B79D3C3901B633172A185820 /* CoreMIDI.framework */ = {isa = PBXBuildFile; fileRef = FE4FF949177D1888DE8D990E; };
		B7BFA286B94EB75FEF8068FA /* Standalone Plugin */ = {isa = PBXBuildFile; fileRef = 4F8932DE6533F2004FF2100D; };
		BC3D11DD467501F938912271 /* QuartzCore.framework */ = {isa = PBXBuildFile; fileRef = 0C8C37DE05D923F09F4876E3; };
		BE36F9D108F05798D490AF54 /* WebKit.framework */ = {isa = PBXBuildFile; fileRef = 705FF9F39DBC9D07F4106860; };
		BEE474D2DD4180FBDFB884FE /* include_juce_graphics.mm */ = {isa = PBXBuildFile; fileRef = D0349197A94E2E013F2F79DB; };
		BF6A7824ACDF111EF1EA8B4A /* include_juce_audio_basics.mm */ = {isa = PBXBuildFile; fileRef = 0229B31818CD8592B29B4054; };
		C0608B6C436267FE1E6F4887 /* Foundation.framework */ = {isa = PBXBuildFile; fileRef = 3E00398BAE379DBC4CE86A39; };
		C61A20B65B10C338CEDB5FE4 /* include_juce_audio_devices.mm */ = {isa = PBXBuildFile; fileRef = 7435F415BD4564266BD295DE; };
		E33BDE4ECD493813B9658D53 /* include_juce_audio_formats.mm */ = {isa = PBXBuildFile; fileRef = 1D3291305BD1865EAEE272A6; };
		E4E8BF25AA6F6E1ACAEA774D /* include_juce_audio_plugin_client_Standalone.cpp */ = {isa = PBXBuildFile; fileRef = 348A329DE81E0FD7509721D3; };
		F4C036AAD24E4AE9EF63E341 /* Shared Code */ = {isa = PBXBuildFile; fileRef = E52BB8F0C606B6403790B244; };
		F8D3CADD08AFBBF351418503 /* include_juce_audio_processors.mm */ = {isa = PBXBuildFile; fileRef = C2E2D40971EE21A34144C3CF; };
/* End PBXBuildFile section */

/* Begin PBXFileReference section */
		01F927D70944EFD789A8AD41 /* include_juce_core.mm */ /* include_juce_core.mm */ = {isa = PBXFileReference; lastKnownFileType = sourcecode.cpp.objcpp; name = include_juce_core.mm; path = ../../JuceLibraryCode/include_juce_core.mm; sourceTree = SOURCE_ROOT; };
		0229B31818CD8592B29B4054 /* include_juce_audio_basics.mm */ /* include_juce_audio_basics.mm */ = {isa = PBXFileReference; lastKnownFileType = sourcecode.cpp.objcpp; name = include_juce_audio_basics.mm; path = ../../JuceLibraryCode/include_juce_audio_basics.mm; sourceTree = SOURCE_ROOT; };
		034CA27CF7228C6F4336CDD9 /* juce_events */ /* juce_events */ = {isa = PBXFileReference; lastKnownFileType = folder; name = juce_events; path = /Users/jeremybennett/projects/JUCE/modules/juce_events; sourceTree = "<absolute>"; };
		0375F7D26F20AA2A600F2800 /* AudioToolbox.framework */ /* AudioToolbox.framework */ = {isa = PBXFileReference; lastKnownFileType = wrapper.framework; name = AudioToolbox.framework; path = System/Library/Frameworks/AudioToolbox.framework; sourceTree = SDKROOT; };
		058F9397AD4C92C6AE91FAB1 /* IOKit.framework */ /* IOKit.framework */ = {isa = PBXFileReference; lastKnownFileType = wrapper.framework; name = IOKit.framework; path = System/Library/Frameworks/IOKit.framework; sourceTree = SDKROOT; };
		0C8C37DE05D923F09F4876E3 /* QuartzCore.framework */ /* QuartzCore.framework */ = {isa = PBXFileReference; lastKnownFileType = wrapper.framework; name = QuartzCore.framework; path = System/Library/Frameworks/QuartzCore.framework; sourceTree = SDKROOT; };
		0E245242DD5F920BD5D3822E /* include_juce_audio_plugin_client_AU_1.mm */ /* include_juce_audio_plugin_client_AU_1.mm */ = {isa = PBXFileReference; lastKnownFileType = sourcecode.cpp.objcpp; name = include_juce_audio_plugin_client_AU_1.mm; path = ../../JuceLibraryCode/include_juce_audio_plugin_client_AU_1.mm; sourceTree = SOURCE_ROOT; };
		0EE7E940FC4B1EEB697AD7BC /* PluginEditor.h */ /* PluginEditor.h */ = {isa = PBXFileReference; lastKnownFileType = sourcecode.c.h; name = PluginEditor.h; path = ../../Source/PluginEditor.h; sourceTree = SOURCE_ROOT; };
		0F4EF09A728B508957BB6221 /* juce_audio_devices */ /* juce_audio_devices */ = {isa = PBXFileReference; lastKnownFileType = folder; name = juce_audio_devices; path = /Users/jeremybennett/projects/JUCE/modules/juce_audio_devices; sourceTree = "<absolute>"; };
		142C62F8F10B7B559562D6DF /* juce_audio_formats */ /* juce_audio_formats */ = {isa = PBXFileReference; lastKnownFileType = folder; name = juce_audio_formats; path = /Users/jeremybennett/projects/JUCE/modules/juce_audio_formats; sourceTree = "<absolute>"; };
		142F411DFC45E29719B21AD3 /* include_juce_audio_processors_headless_lv2_libs.cpp */ /* include_juce_audio_processors_headless_lv2_libs.cpp */ = {isa = PBXFileReference; lastKnownFileType = sourcecode.cpp.cpp; name = include_juce_audio_processors_headless_lv2_libs.cpp; path = ../../JuceLibraryCode/include_juce_audio_processors_headless_lv2_libs.cpp; sourceTree = SOURCE_ROOT; };
		14EFF067DF8349F552D3F917 /* include_juce_audio_plugin_client_AU_2.mm */ /* include_juce_audio_plugin_client_AU_2.mm */ = {isa = PBXFileReference; lastKnownFileType = sourcecode.cpp.objcpp; name = include_juce_audio_plugin_client_AU_2.mm; path = ../../JuceLibraryCode/include_juce_audio_plugin_client_AU_2.mm; sourceTree = SOURCE_ROOT; };
		1670164CE86096BE56A72090 /* CoreAudioKit.framework */ /* CoreAudioKit.framework */ = {isa = PBXFileReference; lastKnownFileType = wrapper.framework; name = CoreAudioKit.framework; path = System/Library/Frameworks/CoreAudioKit.framework; sourceTree = SDKROOT; };
		16C42EE8088857EFCADD24FB /* Security.framework */ /* Security.framework */ = {isa = PBXFileReference; lastKnownFileType = wrapper.framework; name = Security.framework; path = System/Library/Frameworks/Security.framework; sourceTree = SDKROOT; };
		1D3291305BD1865EAEE272A6 /* include_juce_audio_formats.mm */ /* include_juce_audio_formats.mm */ = {isa = PBXFileReference; lastKnownFileType = sourcecode.cpp.objcpp; name = include_juce_audio_formats.mm; path = ../../JuceLibraryCode/include_juce_audio_formats.mm; sourceTree = SOURCE_ROOT; };
		1DFB6C3792514F25180ECFBD /* RecentFilesMenuTemplate.nib */ /* RecentFilesMenuTemplate.nib */ = {isa = PBXFileReference; lastKnownFileType = file.nib; name = RecentFilesMenuTemplate.nib; path = RecentFilesMenuTemplate.nib; sourceTree = SOURCE_ROOT; };
		20F7FF2604662A12E2852593 /* Info-Standalone_Plugin.plist */ /* Info-Standalone_Plugin.plist */ = {isa = PBXFileReference; lastKnownFileType = text.plist.xml; name = "Info-Standalone_Plugin.plist"; path = "Info-Standalone_Plugin.plist"; sourceTree = SOURCE_ROOT; };
		287910EC378E7D0BF84DB1AD /* include_juce_audio_utils.mm */ /* include_juce_audio_utils.mm */ = {isa = PBXFileReference; lastKnownFileType = sourcecode.cpp.objcpp; name = include_juce_audio_utils.mm; path = ../../JuceLibraryCode/include_juce_audio_utils.mm; sourceTree = SOURCE_ROOT; };
		31322188BB36C8B28B22244A /* include_juce_graphics_Sheenbidi.c */ /* include_juce_graphics_Sheenbidi.c */ = {isa = PBXFileReference; lastKnownFileType = sourcecode.c.c; name = include_juce_graphics_Sheenbidi.c; path = ../../JuceLibraryCode/include_juce_graphics_Sheenbidi.c; sourceTree = SOURCE_ROOT; };
		348A329DE81E0FD7509721D3 /* include_juce_audio_plugin_client_Standalone.cpp */ /* include_juce_audio_plugin_client_Standalone.cpp */ = {isa = PBXFileReference; lastKnownFileType = sourcecode.cpp.cpp; name = include_juce_audio_plugin_client_Standalone.cpp; path = ../../JuceLibraryCode/include_juce_audio_plugin_client_Standalone.cpp; sourceTree = SOURCE_ROOT; };
		3579C2AACD47993F0EE100CC /* juce_graphics */ /* juce_graphics */ = {isa = PBXFileReference; lastKnownFileType = folder; name = juce_graphics; path = /Users/jeremybennett/projects/JUCE/modules/juce_graphics; sourceTree = "<absolute>"; };
		36FE04E4D9E3AE28179CFC78 /* JuceHeader.h */ /* JuceHeader.h */ = {isa = PBXFileReference; lastKnownFileType = sourcecode.c.h; name = JuceHeader.h; path = ../../JuceLibraryCode/JuceHeader.h; sourceTree = SOURCE_ROOT; };
		3E00398BAE379DBC4CE86A39 /* Foundation.framework */ /* Foundation.framework */ = {isa = PBXFileReference; lastKnownFileType = wrapper.framework; name = Foundation.framework; path = System/Library/Frameworks/Foundation.framework; sourceTree = SDKROOT; };
		40927F50D9C7DB2AF5E984B0 /* PluginEditor.cpp */ /* PluginEditor.cpp */ = {isa = PBXFileReference; lastKnownFileType = sourcecode.cpp.cpp; name = PluginEditor.cpp; path = ../../Source/PluginEditor.cpp; sourceTree = SOURCE_ROOT; };
		41C6A15D72516C5C9EFD2892 /* CoreAudio.framework */ /* CoreAudio.framework */ = {isa = PBXFileReference; lastKnownFileType = wrapper.framework; name = CoreAudio.framework; path = System/Library/Frameworks/CoreAudio.framework; sourceTree = SDKROOT; };
		46D478837E53BCD675211E6B /* Cocoa.framework */ /* Cocoa.framework */ = {isa = PBXFileReference; lastKnownFileType = wrapper.framework; name = Cocoa.framework; path = System/Library/Frameworks/Cocoa.framework; sourceTree = SDKROOT; };
		4D7FDBB860391BEA76519872 /* include_juce_gui_extra.mm */ /* include_juce_gui_extra.mm */ = {isa = PBXFileReference; lastKnownFileType = sourcecode.cpp.objcpp; name = include_juce_gui_extra.mm; path = ../../JuceLibraryCode/include_juce_gui_extra.mm; sourceTree = SOURCE_ROOT; };
		4F8932DE6533F2004FF2100D /* Standalone Plugin */ = {isa = PBXFileReference; explicitFileType = wrapper.application; includeInIndex = 0; path = JUCEbox.app; sourceTree = BUILT_PRODUCTS_DIR; };
		5282ECDB982518B104D4FE1B /* juce_core */ /* juce_core */ = {isa = PBXFileReference; lastKnownFileType = folder; name = juce_core; path = /Users/jeremybennett/projects/JUCE/modules/juce_core; sourceTree = "<absolute>"; };
		5BF00B209C283A767DEFF85E /* juce_audio_utils */ /* juce_audio_utils */ = {isa = PBXFileReference; lastKnownFileType = folder; name = juce_audio_utils; path = /Users/jeremybennett/projects/JUCE/modules/juce_audio_utils; sourceTree = "<absolute>"; };
		6057B0DF5D98CF01B2575ED8 /* MetalKit.framework */ /* MetalKit.framework */ = {isa = PBXFileReference; lastKnownFileType = wrapper.framework; name = MetalKit.framework; path = System/Library/Frameworks/MetalKit.framework; sourceTree = SDKROOT; };
		6287AD9E0A7DA787C72BEAE5 /* include_juce_gui_basics.mm */ /* include_juce_gui_basics.mm */ = {isa = PBXFileReference; lastKnownFileType = sourcecode.cpp.objcpp; name = include_juce_gui_basics.mm; path = ../../JuceLibraryCode/include_juce_gui_basics.mm; sourceTree = SOURCE_ROOT; };
		64523BDBFA203802EF8C07AF /* juce_audio_basics */ /* juce_audio_basics */ = {isa = PBXFileReference; lastKnownFileType = folder; name = juce_audio_basics; path = /Users/jeremybennett/projects/JUCE/modules/juce_audio_basics; sourceTree = "<absolute>"; };
		6618491863DB6DF2D439E080 /* DiscRecording.framework */ /* DiscRecording.framework */ = {isa = PBXFileReference; lastKnownFileType = wrapper.framework; name = DiscRecording.framework; path = System/Library/Frameworks/DiscRecording.framework; sourceTree = SDKROOT; };
		6975DEA10A1D1374E3C6BE0F /* juce_data_structures */ /* juce_data_structures */ = {isa = PBXFileReference; lastKnownFileType = folder; name = juce_data_structures; path = /Users/jeremybennett/projects/JUCE/modules/juce_data_structures; sourceTree = "<absolute>"; };
		705FF9F39DBC9D07F4106860 /* WebKit.framework */ /* WebKit.framework */ = {isa = PBXFileReference; lastKnownFileType = wrapper.framework; name = WebKit.framework; path = System/Library/Frameworks/WebKit.framework; sourceTree = SDKROOT; };
		7435F415BD4564266BD295DE /* include_juce_audio_devices.mm */ /* include_juce_audio_devices.mm */ = {isa = PBXFileReference; lastKnownFileType = sourcecode.cpp.objcpp; name = include_juce_audio_devices.mm; path = ../../JuceLibraryCode/include_juce_audio_devices.mm; sourceTree = SOURCE_ROOT; };
		793E80A8E0E62F5D584009A8 /* Info-AU.plist */ /* Info-AU.plist */ = {isa = PBXFileReference; lastKnownFileType = text.plist.xml; name = "Info-AU.plist"; path = "Info-AU.plist"; sourceTree = SOURCE_ROOT; };
		79E8F5D8149A1828C1364D29 /* juce_audio_processors_headless */ /* juce_audio_processors_headless */ = {isa = PBXFileReference; lastKnownFileType = folder; name = juce_audio_processors_headless; path = /Users/jeremybennett/projects/JUCE/modules/juce_audio_processors_headless; sourceTree = "<absolute>"; };
		7B85A320A6BEF98B5BBC68FF /* include_juce_core_CompilationTime.cpp */ /* include_juce_core_CompilationTime.cpp */ = {isa = PBXFileReference; lastKnownFileType = sourcecode.cpp.cpp; name = include_juce_core_CompilationTime.cpp; path = ../../JuceLibraryCode/include_juce_core_CompilationTime.cpp; sourceTree = SOURCE_ROOT; };
		7F5C9EB07E49F0874509E90E /* include_juce_audio_processors_headless_ara.cpp */ /* include_juce_audio_processors_headless_ara.cpp */ = {isa = PBXFileReference; lastKnownFileType = sourcecode.cpp.cpp; name = include_juce_audio_processors_headless_ara.cpp; path = ../../JuceLibraryCode/include_juce_audio_processors_headless_ara.cpp; sourceTree = SOURCE_ROOT; };
		947DF61B9A5626A469E3D959 /* juce_gui_extra */ /* juce_gui_extra */ = {isa = PBXFileReference; lastKnownFileType = folder; name = juce_gui_extra; path = /Users/jeremybennett/projects/JUCE/modules/juce_gui_extra; sourceTree = "<absolute>"; };
		98FDEBE60C290C8B793DF467 /* include_juce_graphics_Harfbuzz.cpp */ /* include_juce_graphics_Harfbuzz.cpp */ = {isa = PBXFileReference; lastKnownFileType = sourcecode.cpp.cpp; name = include_juce_graphics_Harfbuzz.cpp; path = ../../JuceLibraryCode/include_juce_graphics_Harfbuzz.cpp; sourceTree = SOURCE_ROOT; };
		A30862FCB9F8353DCC7B161E /* PluginProcessor.cpp */ /* PluginProcessor.cpp */ = {isa = PBXFileReference; lastKnownFileType = sourcecode.cpp.cpp; name = PluginProcessor.cpp; path = ../../Source/PluginProcessor.cpp; sourceTree = SOURCE_ROOT; };
		A718595502E994F4A7CFDD40 /* juce_audio_plugin_client */ /* juce_audio_plugin_client */ = {isa = PBXFileReference; lastKnownFileType = folder; name = juce_audio_plugin_client; path = /Users/jeremybennett/projects/JUCE/modules/juce_audio_plugin_client; sourceTree = "<absolute>"; };
		A91DD5B855BBDF4048F2D02A /* AudioUnit.framework */ /* AudioUnit.framework */ = {isa = PBXFileReference; lastKnownFileType = wrapper.framework; name = AudioUnit.framework; path = System/Library/Frameworks/AudioUnit.framework; sourceTree = SDKROOT; };
		B582F677E6BB861949C6E05C /* include_juce_data_structures.mm */ /* include_juce_data_structures.mm */ = {isa = PBXFileReference; lastKnownFileType = sourcecode.cpp.objcpp; name = include_juce_data_structures.mm; path = ../../JuceLibraryCode/include_juce_data_structures.mm; sourceTree = SOURCE_ROOT; };
		C2E2D40971EE21A34144C3CF /* include_juce_audio_processors.mm */ /* include_juce_audio_processors.mm */ = {isa = PBXFileReference; lastKnownFileType = sourcecode.cpp.objcpp; name = include_juce_audio_processors.mm; path = ../../JuceLibraryCode/include_juce_audio_processors.mm; sourceTree = SOURCE_ROOT; };
		C2ED3CEAA9D3A1CA2C157821 /* AU */ = {isa = PBXFileReference; explicitFileType = wrapper.cfbundle; includeInIndex = 0; path = JUCEbox.component; sourceTree = BUILT_PRODUCTS_DIR; };
		D0349197A94E2E013F2F79DB /* include_juce_graphics.mm */ /* include_juce_graphics.mm */ = {isa = PBXFileReference; lastKnownFileType = sourcecode.cpp.objcpp; name = include_juce_graphics.mm; path = ../../JuceLibraryCode/include_juce_graphics.mm; sourceTree = SOURCE_ROOT; };
		D1245C9FD9B1EB4C53555DC2 /* juce_gui_basics */ /* juce_gui_basics */ = {isa = PBXFileReference; lastKnownFileType = folder; name = juce_gui_basics; path = /Users/jeremybennett/projects/JUCE/modules/juce_gui_basics; sourceTree = "<absolute>"; };
		DBE93DD9E58886B2F12F2606 /* include_juce_audio_plugin_client_ARA.cpp */ /* include_juce_audio_plugin_client_ARA.cpp */ = {isa = PBXFileReference; lastKnownFileType = sourcecode.cpp.cpp; name = include_juce_audio_plugin_client_ARA.cpp; path = ../../JuceLibraryCode/include_juce_audio_plugin_client_ARA.cpp; sourceTree = SOURCE_ROOT; };
		DCD33809228B557ACE67E635 /* include_juce_audio_processors_headless.mm */ /* include_juce_audio_processors_headless.mm */ = {isa = PBXFileReference; lastKnownFileType = sourcecode.cpp.objcpp; name = include_juce_audio_processors_headless.mm; path = ../../JuceLibraryCode/include_juce_audio_processors_headless.mm; sourceTree = SOURCE_ROOT; };
		E42DD64DCD4297DC8DB7F3C1 /* JucePluginDefines.h */ /* JucePluginDefines.h */ = {isa = PBXFileReference; lastKnownFileType = sourcecode.c.h; name = JucePluginDefines.h; path = ../../JuceLibraryCode/JucePluginDefines.h; sourceTree = SOURCE_ROOT; };
		E52BB8F0C606B6403790B244 /* Shared Code */ = {isa = PBXFileReference; explicitFileType = archive.ar; includeInIndex = 0; path = libJUCEbox.a; sourceTree = BUILT_PRODUCTS_DIR; };
		EBA467FF9C14BDFABF2269D5 /* juce_audio_processors */ /* juce_audio_processors */ = {isa = PBXFileReference; lastKnownFileType = folder; name = juce_audio_processors; path = /Users/jeremybennett/projects/JUCE/modules/juce_audio_processors; sourceTree = "<absolute>"; };
		EF8B93728672428B7583283D /* Accelerate.framework */ /* Accelerate.framework */ = {isa = PBXFileReference; lastKnownFileType = wrapper.framework; name = Accelerate.framework; path = System/Library/Frameworks/Accelerate.framework; sourceTree = SDKROOT; };
		F0CDE0989A5425188F1CEFAD /* include_juce_events.mm */ /* include_juce_events.mm */ = {isa = PBXFileReference; lastKnownFileType = sourcecode.cpp.objcpp; name = include_juce_events.mm; path = ../../JuceLibraryCode/include_juce_events.mm; sourceTree = SOURCE_ROOT; };
		F17418F02080EA0CD18B422A /* PluginProcessor.h */ /* PluginProcessor.h */ = {isa = PBXFileReference; lastKnownFileType = sourcecode.c.h; name = PluginProcessor.h; path = ../../Source/PluginProcessor.h; sourceTree = SOURCE_ROOT; };
		F2670809E6E1837D66669BDC /* Metal.framework */ /* Metal.framework */ = {isa = PBXFileReference; lastKnownFileType = wrapper.framework; name = Metal.framework; path = System/Library/Frameworks/Metal.framework; sourceTree = SDKROOT; };
		FE4FF949177D1888DE8D990E /* CoreMIDI.framework */ /* CoreMIDI.framework */ = {isa = PBXFileReference; lastKnownFileType = wrapper.framework; name = CoreMIDI.framework; path = System/Library/Frameworks/CoreMIDI.framework; sourceTree = SDKROOT; };
/* End PBXFileReference section */

/* Begin PBXFrameworksBuildPhase section */
		4B44735877644E9B25BC00E3 = {
			isa = PBXFrameworksBuildPhase;
			buildActionMask = 2147483647;
			files = (
				B4063669C31C558631556D31,
				0CA830925BD149369C14776E,
				154D6168002E934CC7F36272,
				3658F60AAAC3CE1F44066B93,
				5E6F22D5165C443B7402FD5D,
				B79D3C3901B633172A185820,
				2B55A7A978BC61ECD787F365,
				C0608B6C436267FE1E6F4887,
				A1A4B7B9BF74EA0915A61E3E,
				BC3D11DD467501F938912271,
				2979D48EA40839D030369BEE,
				BE36F9D108F05798D490AF54,
				73DB2DEFC99F5AA48FDC1537,
				55C6EB8753C2DD013B3782DE,
			);
			runOnlyForDeploymentPostprocessing = 0;
		};
		E610E726BEB10DE29AC2A211 = {
			isa = PBXFrameworksBuildPhase;
			buildActionMask = 2147483647;
			files = (
				B0C29AAAFB514FC14DE90DC9,
				B4063669C31C558631556D31,
				0CA830925BD149369C14776E,
				154D6168002E934CC7F36272,
				3658F60AAAC3CE1F44066B93,
				5E6F22D5165C443B7402FD5D,
				B79D3C3901B633172A185820,
				2B55A7A978BC61ECD787F365,
				C0608B6C436267FE1E6F4887,
				A1A4B7B9BF74EA0915A61E3E,
				BC3D11DD467501F938912271,
				2979D48EA40839D030369BEE,
				BE36F9D108F05798D490AF54,
				73DB2DEFC99F5AA48FDC1537,
				55C6EB8753C2DD013B3782DE,
			);
			runOnlyForDeploymentPostprocessing = 0;
		};
/* End PBXFrameworksBuildPhase section */

/* Begin PBXGroup section */
		36ACEBBC5DAB81A919A43FD6 /* JUCE Library Code */ = {
			isa = PBXGroup;
			children = (
				0229B31818CD8592B29B4054,
				7435F415BD4564266BD295DE,
				1D3291305BD1865EAEE272A6,
				DBE93DD9E58886B2F12F2606,
				0E245242DD5F920BD5D3822E,
				14EFF067DF8349F552D3F917,
				348A329DE81E0FD7509721D3,
				C2E2D40971EE21A34144C3CF,
				DCD33809228B557ACE67E635,
				7F5C9EB07E49F0874509E90E,
				142F411DFC45E29719B21AD3,
				287910EC378E7D0BF84DB1AD,
				01F927D70944EFD789A8AD41,
				7B85A320A6BEF98B5BBC68FF,
				B582F677E6BB861949C6E05C,
				F0CDE0989A5425188F1CEFAD,
				D0349197A94E2E013F2F79DB,
				98FDEBE60C290C8B793DF467,
				31322188BB36C8B28B22244A,
				6287AD9E0A7DA787C72BEAE5,
				4D7FDBB860391BEA76519872,
				36FE04E4D9E3AE28179CFC78,
				E42DD64DCD4297DC8DB7F3C1,
			);
			name = "JUCE Library Code";
			sourceTree = "<group>";
		};
		434688D17B8AF80528894CF5 /* Resources */ = {
			isa = PBXGroup;
			children = (
				793E80A8E0E62F5D584009A8,
				20F7FF2604662A12E2852593,
				1DFB6C3792514F25180ECFBD,
			);
			name = Resources;
			sourceTree = "<group>";
		};
		4D129249F6DA2617777F107D /* Source */ = {
			isa = PBXGroup;
			children = (
				A30862FCB9F8353DCC7B161E,
				F17418F02080EA0CD18B422A,
				40927F50D9C7DB2AF5E984B0,
				0EE7E940FC4B1EEB697AD7BC,
			);
			name = Source;
			sourceTree = "<group>";
		};
		675D50280DED20345B28DBD6 /* Frameworks */ = {
			isa = PBXGroup;
			children = (
				A91DD5B855BBDF4048F2D02A,
				EF8B93728672428B7583283D,
				0375F7D26F20AA2A600F2800,
				46D478837E53BCD675211E6B,
				41C6A15D72516C5C9EFD2892,
				1670164CE86096BE56A72090,
				FE4FF949177D1888DE8D990E,
				6618491863DB6DF2D439E080,
				3E00398BAE379DBC4CE86A39,
				058F9397AD4C92C6AE91FAB1,
				0C8C37DE05D923F09F4876E3,
				16C42EE8088857EFCADD24FB,
				705FF9F39DBC9D07F4106860,
				F2670809E6E1837D66669BDC,
				6057B0DF5D98CF01B2575ED8,
			);
			name = Frameworks;
			sourceTree = "<group>";
		};
		7BB3ADCC0568997892ED53DC /* JUCE Modules */ = {
			isa = PBXGroup;
			children = (
				64523BDBFA203802EF8C07AF,
				0F4EF09A728B508957BB6221,
				142C62F8F10B7B559562D6DF,
				A718595502E994F4A7CFDD40,
				EBA467FF9C14BDFABF2269D5,
				79E8F5D8149A1828C1364D29,
				5BF00B209C283A767DEFF85E,
				5282ECDB982518B104D4FE1B,
				6975DEA10A1D1374E3C6BE0F,
				034CA27CF7228C6F4336CDD9,
				3579C2AACD47993F0EE100CC,
				D1245C9FD9B1EB4C53555DC2,
				947DF61B9A5626A469E3D959,
			);
			name = "JUCE Modules";
			sourceTree = "<group>";
		};
		AD255E9E09EEC79BD15D4902 /* JUCEbox */ = {
			isa = PBXGroup;
			children = (
				4D129249F6DA2617777F107D,
			);
			name = JUCEbox;
			sourceTree = "<group>";
		};
		B39F8707C05EAEDF90FFDDAE /* Source */ = {
			isa = PBXGroup;
			children = (
				AD255E9E09EEC79BD15D4902,
				7BB3ADCC0568997892ED53DC,
				36ACEBBC5DAB81A919A43FD6,
				434688D17B8AF80528894CF5,
				675D50280DED20345B28DBD6,
				E2453CB9121CFC176FBAD140,
			);
			name = Source;
			sourceTree = "<group>";
		};
		E2453CB9121CFC176FBAD140 /* Products */ = {
			isa = PBXGroup;
			children = (
				C2ED3CEAA9D3A1CA2C157821,
				4F8932DE6533F2004FF2100D,
				E52BB8F0C606B6403790B244,
			);
			name = Products;
			sourceTree = "<group>";
		};
/* End PBXGroup section */

/* Begin PBXNativeTarget section */
		75F9835954BA3E1053777968 /* JUCEbox - Shared Code */ = {
			isa = PBXNativeTarget;
			buildConfigurationList = 591C656EA24AD6071BB8925D;
			buildPhases = (
				1196687FE0F3E206A092AFF5,
			);
			buildRules = (
			);
			dependencies = (
			);
			name = "JUCEbox - Shared Code";
			productName = JUCEbox;
			productReference = E52BB8F0C606B6403790B244;
			productType = "com.apple.product-type.library.static";
		};
		8F1B5BC72497D4A9A3C18977 /* JUCEbox - Standalone Plugin */ = {
			isa = PBXNativeTarget;
			buildConfigurationList = 326E40DC865875AB55D1D0EC;
			buildPhases = (
				44935ECDAA2820B63C316B1A,
				E193E49455EFDA0208DBACAF,
				4B44735877644E9B25BC00E3,
			);
			buildRules = (
			);
			dependencies = (
				F7F9F96805E1196524AF4063,
			);
			name = "JUCEbox - Standalone Plugin";
			productName = JUCEbox;
			productReference = 4F8932DE6533F2004FF2100D;
			productType = "com.apple.product-type.application";
		};
		EDF880B263E74FAAF78239CB /* JUCEbox - AU */ = {
			isa = PBXNativeTarget;
			buildConfigurationList = 4627E3F1F529FECE2A0AE8CE;
			buildPhases = (
				1828A4973445393DC69D6A3F,
				EDCA7ADC20E27DFD91A269C6,
				E610E726BEB10DE29AC2A211,
				84ED146679D801AB5682B99C,
			);
			buildRules = (
			);
			dependencies = (
				C7AB06E43E1708B176C869D4,
			);
			name = "JUCEbox - AU";
			productName = JUCEbox;
			productReference = C2ED3CEAA9D3A1CA2C157821;
			productType = "com.apple.product-type.bundle";
		};
/* End PBXNativeTarget section */

/* Begin PBXProject section */
		B102383CFDD1EF80D2001B82 = {
			isa = PBXProject;
			attributes = {
				BuildIndependentTargetsInParallel = YES;
				LastUpgradeCheck = 1340;
				ORGANIZATIONNAME = "";
				TargetAttributes = {
					75F9835954BA3E1053777968 = {
						SystemCapabilities = {
							com.apple.ApplicationGroups.iOS = {
								enabled = 0;
							};
							com.apple.HardenedRuntime = {
								enabled = 0;
							};
							com.apple.InAppPurchase = {
								enabled = 0;
							};
							com.apple.InterAppAudio = {
								enabled = 0;
							};
							com.apple.Push = {
								enabled = 0;
							};
							com.apple.Sandbox = {
								enabled = 0;
							};
						};
					};
					8F1B5BC72497D4A9A3C18977 = {
						SystemCapabilities = {
							com.apple.ApplicationGroups.iOS = {
								enabled = 0;
							};
							com.apple.HardenedRuntime = {
								enabled = 0;
							};
							com.apple.InAppPurchase = {
								enabled = 0;
							};
							com.apple.InterAppAudio = {
								enabled = 0;
							};
							com.apple.Push = {
								enabled = 0;
							};
							com.apple.Sandbox = {
								enabled = 0;
							};
						};
					};
					9CFF64B07B8E185F6307E77B = {
						SystemCapabilities = {
							com.apple.ApplicationGroups.iOS = {
								enabled = 0;
							};
							com.apple.HardenedRuntime = {
								enabled = 0;
							};
							com.apple.InAppPurchase = {
								enabled = 0;
							};
							com.apple.InterAppAudio = {
								enabled = 0;
							};
							com.apple.Push = {
								enabled = 0;
							};
							com.apple.Sandbox = {
								enabled = 0;
							};
						};
					};
					EDF880B263E74FAAF78239CB = {
						SystemCapabilities = {
							com.apple.ApplicationGroups.iOS = {
								enabled = 0;
							};
							com.apple.HardenedRuntime = {
								enabled = 0;
							};
							com.apple.InAppPurchase = {
								enabled = 0;
							};
							com.apple.InterAppAudio = {
								enabled = 0;
							};
							com.apple.Push = {
								enabled = 0;
							};
							com.apple.Sandbox = {
								enabled = 0;
							};
						};
					};
				};
			};
			buildConfigurationList = 855837E8CF986C7920FFAC17;
			compatibilityVersion = "Xcode 3.2";
			hasScannedForEncodings = 0;
			knownRegions = (
				en,
				Base,
			);
			mainGroup = B39F8707C05EAEDF90FFDDAE;
			projectDirPath = "";
			projectRoot = "";
			targets = (
				9CFF64B07B8E185F6307E77B,
				EDF880B263E74FAAF78239CB,
				8F1B5BC72497D4A9A3C18977,
				75F9835954BA3E1053777968,
			);
		};
/* End PBXProject section */

/* Begin PBXResourcesBuildPhase section */
		1828A4973445393DC69D6A3F = {
			isa = PBXResourcesBuildPhase;
			buildActionMask = 2147483647;
			files = (
				06E1F5C4651C547E2AFAF2AE,
			);
			runOnlyForDeploymentPostprocessing = 0;
		};
		44935ECDAA2820B63C316B1A = {
			isa = PBXResourcesBuildPhase;
			buildActionMask = 2147483647;
			files = (
				06E1F5C4651C547E2AFAF2AE,
			);
			runOnlyForDeploymentPostprocessing = 0;
		};
/* End PBXResourcesBuildPhase section */

/* Begin PBXShellScriptBuildPhase section */
		84ED146679D801AB5682B99C /* Plugin Copy Step */ = {
			isa = PBXShellScriptBuildPhase;
			buildActionMask = 2147483647;
			files = (
			);
			runOnlyForDeploymentPostprocessing = 0;
			name = "Plugin Copy Step";
			alwaysOutOfDate = 1;
			shellPath = /bin/sh;
			shellScript = "set -euo pipefail\n\nif [[ \"${CONFIGURATION}\" == \"Debug\" ]]; then\n  destinationPlugin=\"${HOME}/Library/Audio/Plug-Ins/Components//$(basename \"${TARGET_BUILD_DIR}/${WRAPPER_NAME}\")\"\n  echo Running rm -rf \\\"${destinationPlugin}\\\"\n  rm -rf \"${destinationPlugin}\"\n  echo Running ditto \\\"${TARGET_BUILD_DIR}/${WRAPPER_NAME}\\\" \\\"${destinationPlugin}\\\"\n  ditto \"${TARGET_BUILD_DIR}/${WRAPPER_NAME}\" \"${destinationPlugin}\"\n\n  if [[ -n \"${EXPANDED_CODE_SIGN_IDENTITY-}\" ]]; then\n    if [[ -n \"${CODE_SIGN_ENTITLEMENTS-}\" ]]; then\n      entitlementsArg=(--entitlements \"${CODE_SIGN_ENTITLEMENTS}\")\n    fi\n\n    echo Signing Identity: \\\"${EXPANDED_CODE_SIGN_IDENTITY_NAME}\\\"\n    echo Running codesign --verbose=4 --force --sign \\\"${EXPANDED_CODE_SIGN_IDENTITY}\\\" ${entitlementsArg[*]-} ${OTHER_CODE_SIGN_FLAGS-} \\\"${HOME}/Library/Audio/Plug-Ins/Components//${WRAPPER_NAME}\\\"\n    codesign --verbose=4 --force --sign \"${EXPANDED_CODE_SIGN_IDENTITY}\" ${entitlementsArg[*]-} ${OTHER_CODE_SIGN_FLAGS-} \"${HOME}/Library/Audio/Plug-Ins/Components//${WRAPPER_NAME}\"\n  fi\nfi\n\nif [[ \"${CONFIGURATION}\" == \"Release\" ]]; then\n  destinationPlugin=\"${HOME}/Library/Audio/Plug-Ins/Components//$(basename \"${TARGET_BUILD_DIR}/${WRAPPER_NAME}\")\"\n  echo Running rm -rf \\\"${destinationPlugin}\\\"\n  rm -rf \"${destinationPlugin}\"\n  echo Running ditto \\\"${TARGET_BUILD_DIR}/${WRAPPER_NAME}\\\" \\\"${destinationPlugin}\\\"\n  ditto \"${TARGET_BUILD_DIR}/${WRAPPER_NAME}\" \"${destinationPlugin}\"\n\n  if [[ -n \"${EXPANDED_CODE_SIGN_IDENTITY-}\" ]]; then\n    if [[ -n \"${CODE_SIGN_ENTITLEMENTS-}\" ]]; then\n      entitlementsArg=(--entitlements \"${CODE_SIGN_ENTITLEMENTS}\")\n    fi\n\n    echo Signing Identity: \\\"${EXPANDED_CODE_SIGN_IDENTITY_NAME}\\\"\n    echo Running codesign --verbose=4 --force --sign \\\"${EXPANDED_CODE_SIGN_IDENTITY}\\\" ${entitlementsArg[*]-} ${OTHER_CODE_SIGN_FLAGS-} \\\"${HOME}/Library/Audio/Plug-Ins/Components//${WRAPPER_NAME}\\\"\n    codesign --verbose=4 --force --sign \"${EXPANDED_CODE_SIGN_IDENTITY}\" ${entitlementsArg[*]-} ${OTHER_CODE_SIGN_FLAGS-} \"${HOME}/Library/Audio/Plug-Ins/Components//${WRAPPER_NAME}\"\n  fi\nfi\n";
		};
/* End PBXShellScriptBuildPhase section */

/* Begin PBXSourcesBuildPhase section */
		1196687FE0F3E206A092AFF5 = {
			isa = PBXSourcesBuildPhase;
			buildActionMask = 2147483647;
			files = (
				6E52FEBD1EF71F9C590C583C,
				9E7A5F1D4619D5CEFDEC8A9A,
				BF6A7824ACDF111EF1EA8B4A,
				C61A20B65B10C338CEDB5FE4,
				E33BDE4ECD493813B9658D53,
				B54761ECD7709E184D2ED316,
				F8D3CADD08AFBBF351418503,
				1DCD6DF62CAF5468B00E7D7A,
				AEF112D116C22AF6136F87FF,
				28E64C7E23595DB1ACABAC1E,
				01E2116FEFB0C9FF591EBFFA,
				5A819971C37780692B6AD3FC,
				53A910B9C6B299AEDFBB2C54,
				4FD6BC61BA983AAB51A73F84,
				4AF888C19F081B6B34F191FA,
				BEE474D2DD4180FBDFB884FE,
				80515CD846A6DEE764880E8F,
				79CE796200E77EDADD5041DA,
				30DAA2E95F2A24F73C175D01,
				A7E1079EBA623E8E1F4F1EF4,
			);
			runOnlyForDeploymentPostprocessing = 0;
		};
		E193E49455EFDA0208DBACAF = {
			isa = PBXSourcesBuildPhase;
			buildActionMask = 2147483647;
			files = (
				E4E8BF25AA6F6E1ACAEA774D,
			);
			runOnlyForDeploymentPostprocessing = 0;
		};
		EDCA7ADC20E27DFD91A269C6 = {
			isa = PBXSourcesBuildPhase;
			buildActionMask = 2147483647;
			files = (
				A80E22744EBC36F053803C61,
				316F44645DEA453B950DB29A,
			);
			runOnlyForDeploymentPostprocessing = 0;
		};
/* End PBXSourcesBuildPhase section */

/* Begin PBXTargetDependency section */
		2C0377046ABCAFA93FBAD0C5 = {
			isa = PBXTargetDependency;
			target = 8F1B5BC72497D4A9A3C18977;
		};
		7E2C51F801FCC5A435890BA1 = {
			isa = PBXTargetDependency;
			target = EDF880B263E74FAAF78239CB;
		};
		A765FE087FE12F32C75D0065 = {
			isa = PBXTargetDependency;
			target = 75F9835954BA3E1053777968;
		};
		C7AB06E43E1708B176C869D4 = {
			isa = PBXTargetDependency;
			target = 75F9835954BA3E1053777968;
		};
		F7F9F96805E1196524AF4063 = {
			isa = PBXTargetDependency;
			target = 75F9835954BA3E1053777968;
		};
/* End PBXTargetDependency section */

/* Begin XCBuildConfiguration section */
		07A1A2FE2E0162376B74268B /* Release */ = {
			isa = XCBuildConfiguration;
			buildSettings = {
				CLANG_CXX_LANGUAGE_STANDARD = "c++17";
				CLANG_CXX_LIBRARY = "libc++";
				CLANG_LINK_OBJC_RUNTIME = NO;
				COMBINE_HIDPI_IMAGES = YES;
				CONFIGURATION_BUILD_DIR = "$(PROJECT_DIR)/build/$(CONFIGURATION)";
				DEAD_CODE_STRIPPING = YES;
				EXCLUDED_ARCHS = "";
				GCC_GENERATE_DEBUGGING_SYMBOLS = NO;
				GCC_OPTIMIZATION_LEVEL = 3;
				GCC_PREPROCESSOR_DEFINITIONS = (
					"_NDEBUG=1",
					"NDEBUG=1",
					"JUCE_PROJUCER_VERSION=0x8000b",
					"JUCE_MODULE_AVAILABLE_juce_audio_basics=1",
					"JUCE_MODULE_AVAILABLE_juce_audio_devices=1",
					"JUCE_MODULE_AVAILABLE_juce_audio_formats=1",
					"JUCE_MODULE_AVAILABLE_juce_audio_plugin_client=1",
					"JUCE_MODULE_AVAILABLE_juce_audio_processors=1",
					"JUCE_MODULE_AVAILABLE_juce_audio_processors_headless=1",
					"JUCE_MODULE_AVAILABLE_juce_audio_utils=1",
					"JUCE_MODULE_AVAILABLE_juce_core=1",
					"JUCE_MODULE_AVAILABLE_juce_data_structures=1",
					"JUCE_MODULE_AVAILABLE_juce_events=1",
					"JUCE_MODULE_AVAILABLE_juce_graphics=1",
					"JUCE_MODULE_AVAILABLE_juce_gui_basics=1",
					"JUCE_MODULE_AVAILABLE_juce_gui_extra=1",
					"JUCE_GLOBAL_MODULE_SETTINGS_INCLUDED=1",
					"JucePlugin_Build_VST=0",
					"JucePlugin_Build_VST3=0",
					"JucePlugin_Build_AU=1",
					"JucePlugin_Build_AUv3=0",
					"JucePlugin_Build_AAX=0",
					"JucePlugin_Build_Standalone=1",
					"JucePlugin_Build_Unity=0",
					"JucePlugin_Build_LV2=0",
					"JucePlugin_Enable_IAA=0",
					"JucePlugin_Enable_ARA=0",
					"JucePlugin_Name=\\\"JUCEbox\\\"",
					"JucePlugin_Desc=\\\"JUCEbox\\\"",
					"JucePlugin_Manufacturer=\\\"yourcompany\\\"",
					"JucePlugin_ManufacturerWebsite=\\\"www.yourcompany.com\\\"",
					"JucePlugin_ManufacturerEmail=\\\"\\\"",
					"JucePlugin_ManufacturerCode=0x4d616e75",
					"JucePlugin_PluginCode=0x41626331",
					"JucePlugin_IsSynth=1",
					"JucePlugin_WantsMidiInput=1",
					"JucePlugin_ProducesMidiOutput=0",
					"JucePlugin_IsMidiEffect=0",
					"JucePlugin_EditorRequiresKeyboardFocus=0",
					"JucePlugin_Version=1.0.0",
					"JucePlugin_VersionCode=0x10000",
					"JucePlugin_VersionString=\\\"1.0.0\\\"",
					"JucePlugin_VSTUniqueID=JucePlugin_PluginCode",
					"JucePlugin_VSTCategory=kPlugCategSynth",
					"JucePlugin_Vst3Category=\\\"Instrument|Synth\\\"",
					"JucePlugin_AUMainType=\\'aumu\\'",
					"JucePlugin_AUSubType=JucePlugin_PluginCode",
					"JucePlugin_AUExportPrefix=JUCEboxAU",
					"JucePlugin_AUExportPrefixQuoted=\\\"JUCEboxAU\\\"",
					"JucePlugin_AUManufacturerCode=JucePlugin_ManufacturerCode",
					"JucePlugin_CFBundleIdentifier=com.yourcompany.JUCEbox",
					"JucePlugin_AAXIdentifier=com.yourcompany.JUCEbox",
					"JucePlugin_AAXManufacturerCode=JucePlugin_ManufacturerCode",
					"JucePlugin_AAXProductId=JucePlugin_PluginCode",
					"JucePlugin_AAXCategory=2048",
					"JucePlugin_AAXDisableBypass=0",
					"JucePlugin_AAXDisableMultiMono=0",
					"JucePlugin_IAAType=0x61757269",
					"JucePlugin_IAASubType=JucePlugin_PluginCode",
					"JucePlugin_IAAName=\\\"yourcompany:\\ JUCEbox\\\"",
					"JucePlugin_VSTNumMidiInputs=16",
					"JucePlugin_VSTNumMidiOutputs=16",
					"JucePlugin_ARAContentTypes=0",
					"JucePlugin_ARATransformationFlags=0",
					"JucePlugin_ARAFactoryID=\\\"com.yourcompany.JUCEbox.factory\\\"",
					"JucePlugin_ARADocumentArchiveID=\\\"com.yourcompany.JUCEbox.aradocumentarchive.1.0.0\\\"",
					"JucePlugin_ARACompatibleArchiveIDs=\\\"\\\"",
					"JUCE_STANDALONE_APPLICATION=JucePlugin_Build_Standalone",
					"JUCER_XCODE_MAC_F6D2F4CF=1",
					"JUCE_APP_VERSION=1.0.0",
					"JUCE_APP_VERSION_HEX=0x10000",
					"JUCE_SHARED_CODE=1",
				);
				GCC_VERSION = com.apple.compilers.llvm.clang.1_0;
				HEADER_SEARCH_PATHS = (
					"$(SRCROOT)/../../JuceLibraryCode",
					"/Users/jeremybennett/projects/JUCE/modules",
					"/Users/jeremybennett/projects/JUCE/modules/juce_audio_plugin_client/AU",
					"$(inherited)",
				);
				INSTALL_PATH = "@executable_path/../Frameworks";
				LLVM_LTO = YES;
				MACOSX_DEPLOYMENT_TARGET = 10.13;
				MTL_HEADER_SEARCH_PATHS = "$(SRCROOT)/../../JuceLibraryCode /Users/jeremybennett/projects/JUCE/modules /Users/jeremybennett/projects/JUCE/modules/juce_audio_plugin_client/AU";
				PRODUCT_BUNDLE_IDENTIFIER = com.yourcompany.JUCEbox;
				PRODUCT_NAME = "JUCEbox";
				SKIP_INSTALL = YES;
				USE_HEADERMAP = NO;
				VALID_ARCHS = "i386 x86_64 arm64 arm64e";
			};
			name = Release;
		};
		2C38F7DCF5D3B877C9AEBD6F /* Release */ = {
			isa = XCBuildConfiguration;
			buildSettings = {
				CLANG_CXX_LANGUAGE_STANDARD = "c++17";
				CLANG_CXX_LIBRARY = "libc++";
				CLANG_LINK_OBJC_RUNTIME = NO;
				COMBINE_HIDPI_IMAGES = YES;
				CONFIGURATION_BUILD_DIR = "$(PROJECT_DIR)/build/$(CONFIGURATION)";
				DEAD_CODE_STRIPPING = YES;
				EXCLUDED_ARCHS = "";
				GCC_GENERATE_DEBUGGING_SYMBOLS = NO;
				GCC_OPTIMIZATION_LEVEL = 3;
				GCC_PREPROCESSOR_DEFINITIONS = (
					"_NDEBUG=1",
					"NDEBUG=1",
					"JUCE_PROJUCER_VERSION=0x8000b",
					"JUCE_MODULE_AVAILABLE_juce_audio_basics=1",
					"JUCE_MODULE_AVAILABLE_juce_audio_devices=1",
					"JUCE_MODULE_AVAILABLE_juce_audio_formats=1",
					"JUCE_MODULE_AVAILABLE_juce_audio_plugin_client=1",
					"JUCE_MODULE_AVAILABLE_juce_audio_processors=1",
					"JUCE_MODULE_AVAILABLE_juce_audio_processors_headless=1",
					"JUCE_MODULE_AVAILABLE_juce_audio_utils=1",
					"JUCE_MODULE_AVAILABLE_juce_core=1",
					"JUCE_MODULE_AVAILABLE_juce_data_structures=1",
					"JUCE_MODULE_AVAILABLE_juce_events=1",
					"JUCE_MODULE_AVAILABLE_juce_graphics=1",
					"JUCE_MODULE_AVAILABLE_juce_gui_basics=1",
					"JUCE_MODULE_AVAILABLE_juce_gui_extra=1",
					"JUCE_GLOBAL_MODULE_SETTINGS_INCLUDED=1",
					"JucePlugin_Build_VST=0",
					"JucePlugin_Build_VST3=0",
					"JucePlugin_Build_AU=0",
					"JucePlugin_Build_AUv3=0",
					"JucePlugin_Build_AAX=0",
					"JucePlugin_Build_Standalone=1",
					"JucePlugin_Build_Unity=0",
					"JucePlugin_Build_LV2=0",
					"JucePlugin_Enable_IAA=0",
					"JucePlugin_Enable_ARA=0",
					"JucePlugin_Name=\\\"JUCEbox\\\"",
					"JucePlugin_Desc=\\\"JUCEbox\\\"",
					"JucePlugin_Manufacturer=\\\"yourcompany\\\"",
					"JucePlugin_ManufacturerWebsite=\\\"www.yourcompany.com\\\"",
					"JucePlugin_ManufacturerEmail=\\\"\\\"",
					"JucePlugin_ManufacturerCode=0x4d616e75",
					"JucePlugin_PluginCode=0x41626331",
					"JucePlugin_IsSynth=1",
					"JucePlugin_WantsMidiInput=1",
					"JucePlugin_ProducesMidiOutput=0",
					"JucePlugin_IsMidiEffect=0",
					"JucePlugin_EditorRequiresKeyboardFocus=0",
					"JucePlugin_Version=1.0.0",
					"JucePlugin_VersionCode=0x10000",
					"JucePlugin_VersionString=\\\"1.0.0\\\"",
					"JucePlugin_VSTUniqueID=JucePlugin_PluginCode",
					"JucePlugin_VSTCategory=kPlugCategSynth",
					"JucePlugin_Vst3Category=\\\"Instrument|Synth\\\"",
					"JucePlugin_AUMainType=\\'aumu\\'",
					"JucePlugin_AUSubType=JucePlugin_PluginCode",
					"JucePlugin_AUExportPrefix=JUCEboxAU",
					"JucePlugin_AUExportPrefixQuoted=\\\"JUCEboxAU\\\"",
					"JucePlugin_AUManufacturerCode=JucePlugin_ManufacturerCode",
					"JucePlugin_CFBundleIdentifier=com.yourcompany.JUCEbox",
					"JucePlugin_AAXIdentifier=com.yourcompany.JUCEbox",
					"JucePlugin_AAXManufacturerCode=JucePlugin_ManufacturerCode",
					"JucePlugin_AAXProductId=JucePlugin_PluginCode",
					"JucePlugin_AAXCategory=2048",
					"JucePlugin_AAXDisableBypass=0",
					"JucePlugin_AAXDisableMultiMono=0",
					"JucePlugin_IAAType=0x61757269",
					"JucePlugin_IAASubType=JucePlugin_PluginCode",
					"JucePlugin_IAAName=\\\"yourcompany:\\ JUCEbox\\\"",
					"JucePlugin_VSTNumMidiInputs=16",
					"JucePlugin_VSTNumMidiOutputs=16",
					"JucePlugin_ARAContentTypes=0",
					"JucePlugin_ARATransformationFlags=0",
					"JucePlugin_ARAFactoryID=\\\"com.yourcompany.JUCEbox.factory\\\"",
					"JucePlugin_ARADocumentArchiveID=\\\"com.yourcompany.JUCEbox.aradocumentarchive.1.0.0\\\"",
					"JucePlugin_ARACompatibleArchiveIDs=\\\"\\\"",
					"JUCE_STANDALONE_APPLICATION=JucePlugin_Build_Standalone",
					"JUCER_XCODE_MAC_F6D2F4CF=1",
					"JUCE_APP_VERSION=1.0.0",
					"JUCE_APP_VERSION_HEX=0x10000",
				);
				GCC_VERSION = com.apple.compilers.llvm.clang.1_0;
				HEADER_SEARCH_PATHS = (
					"$(SRCROOT)/../../JuceLibraryCode",
					"/Users/jeremybennett/projects/JUCE/modules",
					"/Users/jeremybennett/projects/JUCE/modules/juce_audio_plugin_client/AU",
					"$(inherited)",
				);
				INFOPLIST_FILE = Info-Standalone_Plugin.plist;
				INFOPLIST_PREPROCESS = NO;
				LLVM_LTO = YES;
				MACOSX_DEPLOYMENT_TARGET = 10.13;
				MTL_HEADER_SEARCH_PATHS = "$(SRCROOT)/../../JuceLibraryCode /Users/jeremybennett/projects/JUCE/modules /Users/jeremybennett/projects/JUCE/modules/juce_audio_plugin_client/AU";
				OTHER_LDFLAGS = "-lJUCEbox";
				PRODUCT_BUNDLE_IDENTIFIER = com.yourcompany.JUCEbox;
				PRODUCT_NAME = "JUCEbox";
				USE_HEADERMAP = NO;
				VALID_ARCHS = "i386 x86_64 arm64 arm64e";
			};
			name = Release;
		};
		2E22F204B5EB24A021C03586 /* Release */ = {
			isa = XCBuildConfiguration;
			buildSettings = {
				MACOSX_DEPLOYMENT_TARGET = 10.13;
				SDKROOT = macosx;
			};
			name = Release;
		};
		3CD8A70F85C33D957A2C39C4 /* Debug */ = {
			isa = XCBuildConfiguration;
			buildSettings = {
				CLANG_CXX_LANGUAGE_STANDARD = "c++17";
				CLANG_CXX_LIBRARY = "libc++";
				CLANG_LINK_OBJC_RUNTIME = NO;
				COMBINE_HIDPI_IMAGES = YES;
				CONFIGURATION_BUILD_DIR = "$(PROJECT_DIR)/build/$(CONFIGURATION)";
				COPY_PHASE_STRIP = NO;
				EXCLUDED_ARCHS = "";
				GCC_DYNAMIC_NO_PIC = NO;
				GCC_OPTIMIZATION_LEVEL = 0;
				GCC_PREPROCESSOR_DEFINITIONS = (
					"_DEBUG=1",
					"DEBUG=1",
					"JUCE_PROJUCER_VERSION=0x8000b",
					"JUCE_MODULE_AVAILABLE_juce_audio_basics=1",
					"JUCE_MODULE_AVAILABLE_juce_audio_devices=1",
					"JUCE_MODULE_AVAILABLE_juce_audio_formats=1",
					"JUCE_MODULE_AVAILABLE_juce_audio_plugin_client=1",
					"JUCE_MODULE_AVAILABLE_juce_audio_processors=1",
					"JUCE_MODULE_AVAILABLE_juce_audio_processors_headless=1",
					"JUCE_MODULE_AVAILABLE_juce_audio_utils=1",
					"JUCE_MODULE_AVAILABLE_juce_core=1",
					"JUCE_MODULE_AVAILABLE_juce_data_structures=1",
					"JUCE_MODULE_AVAILABLE_juce_events=1",
					"JUCE_MODULE_AVAILABLE_juce_graphics=1",
					"JUCE_MODULE_AVAILABLE_juce_gui_basics=1",
					"JUCE_MODULE_AVAILABLE_juce_gui_extra=1",
					"JUCE_GLOBAL_MODULE_SETTINGS_INCLUDED=1",
					"JucePlugin_Build_VST=0",
					"JucePlugin_Build_VST3=0",
					"JucePlugin_Build_AU=1",
					"JucePlugin_Build_AUv3=0",
					"JucePlugin_Build_AAX=0",
					"JucePlugin_Build_Standalone=0",
					"JucePlugin_Build_Unity=0",
					"JucePlugin_Build_LV2=0",
					"JucePlugin_Enable_IAA=0",
					"JucePlugin_Enable_ARA=0",
					"JucePlugin_Name=\\\"JUCEbox\\\"",
					"JucePlugin_Desc=\\\"JUCEbox\\\"",
					"JucePlugin_Manufacturer=\\\"yourcompany\\\"",
					"JucePlugin_ManufacturerWebsite=\\\"www.yourcompany.com\\\"",
					"JucePlugin_ManufacturerEmail=\\\"\\\"",
					"JucePlugin_ManufacturerCode=0x4d616e75",
					"JucePlugin_PluginCode=0x41626331",
					"JucePlugin_IsSynth=1",
					"JucePlugin_WantsMidiInput=1",
					"JucePlugin_ProducesMidiOutput=0",
					"JucePlugin_IsMidiEffect=0",
					"JucePlugin_EditorRequiresKeyboardFocus=0",
					"JucePlugin_Version=1.0.0",
					"JucePlugin_VersionCode=0x10000",
					"JucePlugin_VersionString=\\\"1.0.0\\\"",
					"JucePlugin_VSTUniqueID=JucePlugin_PluginCode",
					"JucePlugin_VSTCategory=kPlugCategSynth",
					"JucePlugin_Vst3Category=\\\"Instrument|Synth\\\"",
					"JucePlugin_AUMainType=\\'aumu\\'",
					"JucePlugin_AUSubType=JucePlugin_PluginCode",
					"JucePlugin_AUExportPrefix=JUCEboxAU",
					"JucePlugin_AUExportPrefixQuoted=\\\"JUCEboxAU\\\"",
					"JucePlugin_AUManufacturerCode=JucePlugin_ManufacturerCode",
					"JucePlugin_CFBundleIdentifier=com.yourcompany.JUCEbox",
					"JucePlugin_AAXIdentifier=com.yourcompany.JUCEbox",
					"JucePlugin_AAXManufacturerCode=JucePlugin_ManufacturerCode",
					"JucePlugin_AAXProductId=JucePlugin_PluginCode",
					"JucePlugin_AAXCategory=2048",
					"JucePlugin_AAXDisableBypass=0",
					"JucePlugin_AAXDisableMultiMono=0",
					"JucePlugin_IAAType=0x61757269",
					"JucePlugin_IAASubType=JucePlugin_PluginCode",
					"JucePlugin_IAAName=\\\"yourcompany:\\ JUCEbox\\\"",
					"JucePlugin_VSTNumMidiInputs=16",
					"JucePlugin_VSTNumMidiOutputs=16",
					"JucePlugin_ARAContentTypes=0",
					"JucePlugin_ARATransformationFlags=0",
					"JucePlugin_ARAFactoryID=\\\"com.yourcompany.JUCEbox.factory\\\"",
					"JucePlugin_ARADocumentArchiveID=\\\"com.yourcompany.JUCEbox.aradocumentarchive.1.0.0\\\"",
					"JucePlugin_ARACompatibleArchiveIDs=\\\"\\\"",
					"JUCE_STANDALONE_APPLICATION=JucePlugin_Build_Standalone",
					"JUCER_XCODE_MAC_F6D2F4CF=1",
					"JUCE_APP_VERSION=1.0.0",
					"JUCE_APP_VERSION_HEX=0x10000",
				);
				GCC_VERSION = com.apple.compilers.llvm.clang.1_0;
				GENERATE_PKGINFO_FILE = YES;
				HEADER_SEARCH_PATHS = (
					"$(SRCROOT)/../../JuceLibraryCode",
					"/Users/jeremybennett/projects/JUCE/modules",
					"/Users/jeremybennett/projects/JUCE/modules/juce_audio_plugin_client/AU",
					"$(inherited)",
				);
				INFOPLIST_FILE = Info-AU.plist;
				INFOPLIST_PREPROCESS = NO;
				INSTALL_PATH = "$(HOME)/Library/Audio/Plug-Ins/Components/";
				LIBRARY_STYLE = Bundle;
				MACOSX_DEPLOYMENT_TARGET = 10.13;
				MTL_HEADER_SEARCH_PATHS = "$(SRCROOT)/../../JuceLibraryCode /Users/jeremybennett/projects/JUCE/modules /Users/jeremybennett/projects/JUCE/modules/juce_audio_plugin_client/AU";
				OTHER_LDFLAGS = "-bundle -lJUCEbox";
				OTHER_REZFLAGS = "-d ppc_$ppc -d i386_$i386 -d ppc64_$ppc64 -d x86_64_$x86_64 -d arm64_$arm64 -I /System/Library/Frameworks/CoreServices.framework/Frameworks/CarbonCore.framework/Versions/A/Headers -I \"$(DEVELOPER_DIR)/Extras/CoreAudio/AudioUnits/AUPublic/AUBase\" -I \"$(DEVELOPER_DIR)/Platforms/MacOSX.platform/Developer/SDKs/MacOSX.sdk/System/Library/Frameworks/AudioUnit.framework/Headers\"";
				PRODUCT_BUNDLE_IDENTIFIER = com.yourcompany.JUCEbox;
				PRODUCT_NAME = "JUCEbox";
				USE_HEADERMAP = NO;
				VALID_ARCHS = "i386 x86_64 arm64 arm64e";
				WRAPPER_EXTENSION = component;
			};
			name = Debug;
		};
		75331FA4E75766E4CDE87457 /* Debug */ = {
			isa = XCBuildConfiguration;
			buildSettings = {
				CLANG_CXX_LANGUAGE_STANDARD = "c++17";
				CLANG_CXX_LIBRARY = "libc++";
				CLANG_LINK_OBJC_RUNTIME = NO;
				COMBINE_HIDPI_IMAGES = YES;
				CONFIGURATION_BUILD_DIR = "$(PROJECT_DIR)/build/$(CONFIGURATION)";
				COPY_PHASE_STRIP = NO;
				EXCLUDED_ARCHS = "";
				GCC_DYNAMIC_NO_PIC = NO;
				GCC_OPTIMIZATION_LEVEL = 0;
				GCC_PREPROCESSOR_DEFINITIONS = (
					"_DEBUG=1",
					"DEBUG=1",
					"JUCE_PROJUCER_VERSION=0x8000b",
					"JUCE_MODULE_AVAILABLE_juce_audio_basics=1",
					"JUCE_MODULE_AVAILABLE_juce_audio_devices=1",
					"JUCE_MODULE_AVAILABLE_juce_audio_formats=1",
					"JUCE_MODULE_AVAILABLE_juce_audio_plugin_client=1",
					"JUCE_MODULE_AVAILABLE_juce_audio_processors=1",
					"JUCE_MODULE_AVAILABLE_juce_audio_processors_headless=1",
					"JUCE_MODULE_AVAILABLE_juce_audio_utils=1",
					"JUCE_MODULE_AVAILABLE_juce_core=1",
					"JUCE_MODULE_AVAILABLE_juce_data_structures=1",
					"JUCE_MODULE_AVAILABLE_juce_events=1",
					"JUCE_MODULE_AVAILABLE_juce_graphics=1",
					"JUCE_MODULE_AVAILABLE_juce_gui_basics=1",
					"JUCE_MODULE_AVAILABLE_juce_gui_extra=1",
					"JUCE_GLOBAL_MODULE_SETTINGS_INCLUDED=1",
					"JucePlugin_Build_VST=0",
					"JucePlugin_Build_VST3=0",
					"JucePlugin_Build_AU=1",
					"JucePlugin_Build_AUv3=0",
					"JucePlugin_Build_AAX=0",
					"JucePlugin_Build_Standalone=1",
					"JucePlugin_Build_Unity=0",
					"JucePlugin_Build_LV2=0",
					"JucePlugin_Enable_IAA=0",
					"JucePlugin_Enable_ARA=0",
					"JucePlugin_Name=\\\"JUCEbox\\\"",
					"JucePlugin_Desc=\\\"JUCEbox\\\"",
					"JucePlugin_Manufacturer=\\\"yourcompany\\\"",
					"JucePlugin_ManufacturerWebsite=\\\"www.yourcompany.com\\\"",
					"JucePlugin_ManufacturerEmail=\\\"\\\"",
					"JucePlugin_ManufacturerCode=0x4d616e75",
					"JucePlugin_PluginCode=0x41626331",
					"JucePlugin_IsSynth=1",
					"JucePlugin_WantsMidiInput=1",
					"JucePlugin_ProducesMidiOutput=0",
					"JucePlugin_IsMidiEffect=0",
					"JucePlugin_EditorRequiresKeyboardFocus=0",
					"JucePlugin_Version=1.0.0",
					"JucePlugin_VersionCode=0x10000",
					"JucePlugin_VersionString=\\\"1.0.0\\\"",
					"JucePlugin_VSTUniqueID=JucePlugin_PluginCode",
					"JucePlugin_VSTCategory=kPlugCategSynth",
					"JucePlugin_Vst3Category=\\\"Instrument|Synth\\\"",
					"JucePlugin_AUMainType=\\'aumu\\'",
					"JucePlugin_AUSubType=JucePlugin_PluginCode",
					"JucePlugin_AUExportPrefix=JUCEboxAU",
					"JucePlugin_AUExportPrefixQuoted=\\\"JUCEboxAU\\\"",
					"JucePlugin_AUManufacturerCode=JucePlugin_ManufacturerCode",
					"JucePlugin_CFBundleIdentifier=com.yourcompany.JUCEbox",
					"JucePlugin_AAXIdentifier=com.yourcompany.JUCEbox",
					"JucePlugin_AAXManufacturerCode=JucePlugin_ManufacturerCode",
					"JucePlugin_AAXProductId=JucePlugin_PluginCode",
					"JucePlugin_AAXCategory=2048",
					"JucePlugin_AAXDisableBypass=0",
					"JucePlugin_AAXDisableMultiMono=0",
					"JucePlugin_IAAType=0x61757269",
					"JucePlugin_IAASubType=JucePlugin_PluginCode",
					"JucePlugin_IAAName=\\\"yourcompany:\\ JUCEbox\\\"",
					"JucePlugin_VSTNumMidiInputs=16",
					"JucePlugin_VSTNumMidiOutputs=16",
					"JucePlugin_ARAContentTypes=0",
					"JucePlugin_ARATransformationFlags=0",
					"JucePlugin_ARAFactoryID=\\\"com.yourcompany.JUCEbox.factory\\\"",
					"JucePlugin_ARADocumentArchiveID=\\\"com.yourcompany.JUCEbox.aradocumentarchive.1.0.0\\\"",
					"JucePlugin_ARACompatibleArchiveIDs=\\\"\\\"",
					"JUCE_STANDALONE_APPLICATION=JucePlugin_Build_Standalone",
					"JUCER_XCODE_MAC_F6D2F4CF=1",
					"JUCE_APP_VERSION=1.0.0",
					"JUCE_APP_VERSION_HEX=0x10000",
					"JUCE_SHARED_CODE=1",
				);
				GCC_VERSION = com.apple.compilers.llvm.clang.1_0;
				HEADER_SEARCH_PATHS = (
					"$(SRCROOT)/../../JuceLibraryCode",
					"/Users/jeremybennett/projects/JUCE/modules",
					"/Users/jeremybennett/projects/JUCE/modules/juce_audio_plugin_client/AU",
					"$(inherited)",
				);
				INSTALL_PATH = "@executable_path/../Frameworks";
				MACOSX_DEPLOYMENT_TARGET = 10.13;
				MTL_HEADER_SEARCH_PATHS = "$(SRCROOT)/../../JuceLibraryCode /Users/jeremybennett/projects/JUCE/modules /Users/jeremybennett/projects/JUCE/modules/juce_audio_plugin_client/AU";
				PRODUCT_BUNDLE_IDENTIFIER = com.yourcompany.JUCEbox;
				PRODUCT_NAME = "JUCEbox";
				SKIP_INSTALL = YES;
				USE_HEADERMAP = NO;
				VALID_ARCHS = "i386 x86_64 arm64 arm64e";
			};
			name = Debug;
		};
		92B4C4C2AE9B68DBE114A949 /* Debug */ = {
			isa = XCBuildConfiguration;
			buildSettings = {
				MACOSX_DEPLOYMENT_TARGET = 10.13;
				SDKROOT = macosx;
			};
			name = Debug;
		};
		A420042BD7EDC2E9F22556D3 /* Release */ = {
			isa = XCBuildConfiguration;
			buildSettings = {
				ALWAYS_SEARCH_USER_PATHS = NO;
				CLANG_ENABLE_OBJC_WEAK = YES;
				CLANG_WARN_BLOCK_CAPTURE_AUTORELEASING = YES;
				CLANG_WARN_BOOL_CONVERSION = YES;
				CLANG_WARN_COMMA = YES;
				CLANG_WARN_CONSTANT_CONVERSION = YES;
				CLANG_WARN_DEPRECATED_OBJC_IMPLEMENTATIONS = YES;
				CLANG_WARN_EMPTY_BODY = YES;
				CLANG_WARN_ENUM_CONVERSION = YES;
				CLANG_WARN_INFINITE_RECURSION = YES;
				CLANG_WARN_INT_CONVERSION = YES;
				CLANG_WARN_NON_LITERAL_NULL_CONVERSION = YES;
				CLANG_WARN_OBJC_IMPLICIT_RETAIN_SELF = YES;
				CLANG_WARN_OBJC_LITERAL_CONVERSION = YES;
				CLANG_WARN_RANGE_LOOP_ANALYSIS = YES;
				CLANG_WARN_STRICT_PROTOTYPES = YES;
				CLANG_WARN_SUSPICIOUS_MOVE = YES;
				CLANG_WARN_UNREACHABLE_CODE = YES;
				CLANG_WARN__DUPLICATE_METHOD_MATCH = YES;
				DEBUG_INFORMATION_FORMAT = dwarf;
				ENABLE_STRICT_OBJC_MSGSEND = YES;
				ENABLE_TESTABILITY = NO;
				GCC_C_LANGUAGE_STANDARD = c11;
				GCC_INLINES_ARE_PRIVATE_EXTERN = YES;
				GCC_MODEL_TUNING = G5;
				GCC_NO_COMMON_BLOCKS = YES;
				GCC_SYMBOLS_PRIVATE_EXTERN = YES;
				GCC_WARN_64_TO_32_BIT_CONVERSION = YES;
				GCC_WARN_ABOUT_RETURN_TYPE = YES;
				GCC_WARN_CHECK_SWITCH_STATEMENTS = YES;
				GCC_WARN_MISSING_PARENTHESES = YES;
				GCC_WARN_NON_VIRTUAL_DESTRUCTOR = YES;
				GCC_WARN_TYPECHECK_CALLS_TO_PRINTF = YES;
				GCC_WARN_UNDECLARED_SELECTOR = YES;
				GCC_WARN_UNINITIALIZED_AUTOS = YES;
				GCC_WARN_UNUSED_FUNCTION = YES;
				GCC_WARN_UNUSED_VARIABLE = YES;
				OTHER_CODE_SIGN_FLAGS = --timestamp;
				PRODUCT_NAME = "JUCEbox";
				SDKROOT = macosx;
				WARNING_CFLAGS = "-Wreorder";
				ZERO_LINK = NO;
			};
			name = Release;
		};
		CFA890745C26F1DB07AA675D /* Release */ = {
			isa = XCBuildConfiguration;
			buildSettings = {
				CLANG_CXX_LANGUAGE_STANDARD = "c++17";
				CLANG_CXX_LIBRARY = "libc++";
				CLANG_LINK_OBJC_RUNTIME = NO;
				COMBINE_HIDPI_IMAGES = YES;
				CONFIGURATION_BUILD_DIR = "$(PROJECT_DIR)/build/$(CONFIGURATION)";
				DEAD_CODE_STRIPPING = YES;
				EXCLUDED_ARCHS = "";
				GCC_GENERATE_DEBUGGING_SYMBOLS = NO;
				GCC_OPTIMIZATION_LEVEL = 3;
				GCC_PREPROCESSOR_DEFINITIONS = (
					"_NDEBUG=1",
					"NDEBUG=1",
					"JUCE_PROJUCER_VERSION=0x8000b",
					"JUCE_MODULE_AVAILABLE_juce_audio_basics=1",
					"JUCE_MODULE_AVAILABLE_juce_audio_devices=1",
					"JUCE_MODULE_AVAILABLE_juce_audio_formats=1",
					"JUCE_MODULE_AVAILABLE_juce_audio_plugin_client=1",
					"JUCE_MODULE_AVAILABLE_juce_audio_processors=1",
					"JUCE_MODULE_AVAILABLE_juce_audio_processors_headless=1",
					"JUCE_MODULE_AVAILABLE_juce_audio_utils=1",
					"JUCE_MODULE_AVAILABLE_juce_core=1",
					"JUCE_MODULE_AVAILABLE_juce_data_structures=1",
					"JUCE_MODULE_AVAILABLE_juce_events=1",
					"JUCE_MODULE_AVAILABLE_juce_graphics=1",
					"JUCE_MODULE_AVAILABLE_juce_gui_basics=1",
					"JUCE_MODULE_AVAILABLE_juce_gui_extra=1",
					"JUCE_GLOBAL_MODULE_SETTINGS_INCLUDED=1",
					"JucePlugin_Build_VST=0",
					"JucePlugin_Build_VST3=0",
					"JucePlugin_Build_AU=1",
					"JucePlugin_Build_AUv3=0",
					"JucePlugin_Build_AAX=0",
					"JucePlugin_Build_Standalone=0",
					"JucePlugin_Build_Unity=0",
					"JucePlugin_Build_LV2=0",
					"JucePlugin_Enable_IAA=0",
					"JucePlugin_Enable_ARA=0",
					"JucePlugin_Name=\\\"JUCEbox\\\"",
					"JucePlugin_Desc=\\\"JUCEbox\\\"",
					"JucePlugin_Manufacturer=\\\"yourcompany\\\"",
					"JucePlugin_ManufacturerWebsite=\\\"www.yourcompany.com\\\"",
					"JucePlugin_ManufacturerEmail=\\\"\\\"",
					"JucePlugin_ManufacturerCode=0x4d616e75",
					"JucePlugin_PluginCode=0x41626331",
					"JucePlugin_IsSynth=1",
					"JucePlugin_WantsMidiInput=1",
					"JucePlugin_ProducesMidiOutput=0",
					"JucePlugin_IsMidiEffect=0",
					"JucePlugin_EditorRequiresKeyboardFocus=0",
					"JucePlugin_Version=1.0.0",
					"JucePlugin_VersionCode=0x10000",
					"JucePlugin_VersionString=\\\"1.0.0\\\"",
					"JucePlugin_VSTUniqueID=JucePlugin_PluginCode",
					"JucePlugin_VSTCategory=kPlugCategSynth",
					"JucePlugin_Vst3Category=\\\"Instrument|Synth\\\"",
					"JucePlugin_AUMainType=\\'aumu\\'",
					"JucePlugin_AUSubType=JucePlugin_PluginCode",
					"JucePlugin_AUExportPrefix=JUCEboxAU",
					"JucePlugin_AUExportPrefixQuoted=\\\"JUCEboxAU\\\"",
					"JucePlugin_AUManufacturerCode=JucePlugin_ManufacturerCode",
					"JucePlugin_CFBundleIdentifier=com.yourcompany.JUCEbox",
					"JucePlugin_AAXIdentifier=com.yourcompany.JUCEbox",
					"JucePlugin_AAXManufacturerCode=JucePlugin_ManufacturerCode",
					"JucePlugin_AAXProductId=JucePlugin_PluginCode",
					"JucePlugin_AAXCategory=2048",
					"JucePlugin_AAXDisableBypass=0",
					"JucePlugin_AAXDisableMultiMono=0",
					"JucePlugin_IAAType=0x61757269",
					"JucePlugin_IAASubType=JucePlugin_PluginCode",
					"JucePlugin_IAAName=\\\"yourcompany:\\ JUCEbox\\\"",
					"JucePlugin_VSTNumMidiInputs=16",
					"JucePlugin_VSTNumMidiOutputs=16",
					"JucePlugin_ARAContentTypes=0",
					"JucePlugin_ARATransformationFlags=0",
					"JucePlugin_ARAFactoryID=\\\"com.yourcompany.JUCEbox.factory\\\"",
					"JucePlugin_ARADocumentArchiveID=\\\"com.yourcompany.JUCEbox.aradocumentarchive.1.0.0\\\"",
					"JucePlugin_ARACompatibleArchiveIDs=\\\"\\\"",
					"JUCE_STANDALONE_APPLICATION=JucePlugin_Build_Standalone",
					"JUCER_XCODE_MAC_F6D2F4CF=1",
					"JUCE_APP_VERSION=1.0.0",
					"JUCE_APP_VERSION_HEX=0x10000",
				);
				GCC_VERSION = com.apple.compilers.llvm.clang.1_0;
				GENERATE_PKGINFO_FILE = YES;
				HEADER_SEARCH_PATHS = (
					"$(SRCROOT)/../../JuceLibraryCode",
					"/Users/jeremybennett/projects/JUCE/modules",
					"/Users/jeremybennett/projects/JUCE/modules/juce_audio_plugin_client/AU",
					"$(inherited)",
				);
				INFOPLIST_FILE = Info-AU.plist;
				INFOPLIST_PREPROCESS = NO;
				INSTALL_PATH = "$(HOME)/Library/Audio/Plug-Ins/Components/";
				LIBRARY_STYLE = Bundle;
				LLVM_LTO = YES;
				MACOSX_DEPLOYMENT_TARGET = 10.13;
				MTL_HEADER_SEARCH_PATHS = "$(SRCROOT)/../../JuceLibraryCode /Users/jeremybennett/projects/JUCE/modules /Users/jeremybennett/projects/JUCE/modules/juce_audio_plugin_client/AU";
				OTHER_LDFLAGS = "-bundle -lJUCEbox";
				OTHER_REZFLAGS = "-d ppc_$ppc -d i386_$i386 -d ppc64_$ppc64 -d x86_64_$x86_64 -d arm64_$arm64 -I /System/Library/Frameworks/CoreServices.framework/Frameworks/CarbonCore.framework/Versions/A/Headers -I \"$(DEVELOPER_DIR)/Extras/CoreAudio/AudioUnits/AUPublic/AUBase\" -I \"$(DEVELOPER_DIR)/Platforms/MacOSX.platform/Developer/SDKs/MacOSX.sdk/System/Library/Frameworks/AudioUnit.framework/Headers\"";
				PRODUCT_BUNDLE_IDENTIFIER = com.yourcompany.JUCEbox;
				PRODUCT_NAME = "JUCEbox";
				USE_HEADERMAP = NO;
				VALID_ARCHS = "i386 x86_64 arm64 arm64e";
				WRAPPER_EXTENSION = component;
			};
			name = Release;
		};
		D65AACEE6E3BC1A37CA3A832 /* Debug */ = {
			isa = XCBuildConfiguration;
			buildSettings = {
				ALWAYS_SEARCH_USER_PATHS = NO;
				CLANG_ENABLE_OBJC_WEAK = YES;
				CLANG_WARN_BLOCK_CAPTURE_AUTORELEASING = YES;
				CLANG_WARN_BOOL_CONVERSION = YES;
				CLANG_WARN_COMMA = YES;
				CLANG_WARN_CONSTANT_CONVERSION = YES;
				CLANG_WARN_DEPRECATED_OBJC_IMPLEMENTATIONS = YES;
				CLANG_WARN_EMPTY_BODY = YES;
				CLANG_WARN_ENUM_CONVERSION = YES;
				CLANG_WARN_INFINITE_RECURSION = YES;
				CLANG_WARN_INT_CONVERSION = YES;
				CLANG_WARN_NON_LITERAL_NULL_CONVERSION = YES;
				CLANG_WARN_OBJC_IMPLICIT_RETAIN_SELF = YES;
				CLANG_WARN_OBJC_LITERAL_CONVERSION = YES;
				CLANG_WARN_RANGE_LOOP_ANALYSIS = YES;
				CLANG_WARN_STRICT_PROTOTYPES = YES;
				CLANG_WARN_SUSPICIOUS_MOVE = YES;
				CLANG_WARN_UNREACHABLE_CODE = YES;
				CLANG_WARN__DUPLICATE_METHOD_MATCH = YES;
				DEBUG_INFORMATION_FORMAT = dwarf;
				ENABLE_STRICT_OBJC_MSGSEND = YES;
				ENABLE_TESTABILITY = NO;
				GCC_C_LANGUAGE_STANDARD = c11;
				GCC_INLINES_ARE_PRIVATE_EXTERN = YES;
				GCC_MODEL_TUNING = G5;
				GCC_NO_COMMON_BLOCKS = YES;
				GCC_SYMBOLS_PRIVATE_EXTERN = YES;
				GCC_WARN_64_TO_32_BIT_CONVERSION = YES;
				GCC_WARN_ABOUT_RETURN_TYPE = YES;
				GCC_WARN_CHECK_SWITCH_STATEMENTS = YES;
				GCC_WARN_MISSING_PARENTHESES = YES;
				GCC_WARN_NON_VIRTUAL_DESTRUCTOR = YES;
				GCC_WARN_TYPECHECK_CALLS_TO_PRINTF = YES;
				GCC_WARN_UNDECLARED_SELECTOR = YES;
				GCC_WARN_UNINITIALIZED_AUTOS = YES;
				GCC_WARN_UNUSED_FUNCTION = YES;
				GCC_WARN_UNUSED_VARIABLE = YES;
				ONLY_ACTIVE_ARCH = YES;
				OTHER_CODE_SIGN_FLAGS = --timestamp;
				PRODUCT_NAME = "JUCEbox";
				SDKROOT = macosx;
				WARNING_CFLAGS = "-Wreorder";
				ZERO_LINK = NO;
			};
			name = Debug;
		};
		E5E3055C9D7F1B7B25606E31 /* Debug */ = {
			isa = XCBuildConfiguration;
			buildSettings = {
				CLANG_CXX_LANGUAGE_STANDARD = "c++17";
				CLANG_CXX_LIBRARY = "libc++";
				CLANG_LINK_OBJC_RUNTIME = NO;
				COMBINE_HIDPI_IMAGES = YES;
				CONFIGURATION_BUILD_DIR = "$(PROJECT_DIR)/build/$(CONFIGURATION)";
				COPY_PHASE_STRIP = NO;
				EXCLUDED_ARCHS = "";
				GCC_DYNAMIC_NO_PIC = NO;
				GCC_OPTIMIZATION_LEVEL = 0;
				GCC_PREPROCESSOR_DEFINITIONS = (
					"_DEBUG=1",
					"DEBUG=1",
					"JUCE_PROJUCER_VERSION=0x8000b",
					"JUCE_MODULE_AVAILABLE_juce_audio_basics=1",
					"JUCE_MODULE_AVAILABLE_juce_audio_devices=1",
					"JUCE_MODULE_AVAILABLE_juce_audio_formats=1",
					"JUCE_MODULE_AVAILABLE_juce_audio_plugin_client=1",
					"JUCE_MODULE_AVAILABLE_juce_audio_processors=1",
					"JUCE_MODULE_AVAILABLE_juce_audio_processors_headless=1",
					"JUCE_MODULE_AVAILABLE_juce_audio_utils=1",
					"JUCE_MODULE_AVAILABLE_juce_core=1",
					"JUCE_MODULE_AVAILABLE_juce_data_structures=1",
					"JUCE_MODULE_AVAILABLE_juce_events=1",
					"JUCE_MODULE_AVAILABLE_juce_graphics=1",
					"JUCE_MODULE_AVAILABLE_juce_gui_basics=1",
					"JUCE_MODULE_AVAILABLE_juce_gui_extra=1",
					"JUCE_GLOBAL_MODULE_SETTINGS_INCLUDED=1",
					"JucePlugin_Build_VST=0",
					"JucePlugin_Build_VST3=0",
					"JucePlugin_Build_AU=0",
					"JucePlugin_Build_AUv3=0",
					"JucePlugin_Build_AAX=0",
					"JucePlugin_Build_Standalone=1",
					"JucePlugin_Build_Unity=0",
					"JucePlugin_Build_LV2=0",
					"JucePlugin_Enable_IAA=0",
					"JucePlugin_Enable_ARA=0",
					"JucePlugin_Name=\\\"JUCEbox\\\"",
					"JucePlugin_Desc=\\\"JUCEbox\\\"",
					"JucePlugin_Manufacturer=\\\"yourcompany\\\"",
					"JucePlugin_ManufacturerWebsite=\\\"www.yourcompany.com\\\"",
					"JucePlugin_ManufacturerEmail=\\\"\\\"",
					"JucePlugin_ManufacturerCode=0x4d616e75",
					"JucePlugin_PluginCode=0x41626331",
					"JucePlugin_IsSynth=1",
					"JucePlugin_WantsMidiInput=1",
					"JucePlugin_ProducesMidiOutput=0",
					"JucePlugin_IsMidiEffect=0",
					"JucePlugin_EditorRequiresKeyboardFocus=0",
					"JucePlugin_Version=1.0.0",
					"JucePlugin_VersionCode=0x10000",
					"JucePlugin_VersionString=\\\"1.0.0\\\"",
					"JucePlugin_VSTUniqueID=JucePlugin_PluginCode",
					"JucePlugin_VSTCategory=kPlugCategSynth",
					"JucePlugin_Vst3Category=\\\"Instrument|Synth\\\"",
					"JucePlugin_AUMainType=\\'aumu\\'",
					"JucePlugin_AUSubType=JucePlugin_PluginCode",
					"JucePlugin_AUExportPrefix=JUCEboxAU",
					"JucePlugin_AUExportPrefixQuoted=\\\"JUCEboxAU\\\"",
					"JucePlugin_AUManufacturerCode=JucePlugin_ManufacturerCode",
					"JucePlugin_CFBundleIdentifier=com.yourcompany.JUCEbox",
					"JucePlugin_AAXIdentifier=com.yourcompany.JUCEbox",
					"JucePlugin_AAXManufacturerCode=JucePlugin_ManufacturerCode",
					"JucePlugin_AAXProductId=JucePlugin_PluginCode",
					"JucePlugin_AAXCategory=2048",
					"JucePlugin_AAXDisableBypass=0",
					"JucePlugin_AAXDisableMultiMono=0",
					"JucePlugin_IAAType=0x61757269",
					"JucePlugin_IAASubType=JucePlugin_PluginCode",
					"JucePlugin_IAAName=\\\"yourcompany:\\ JUCEbox\\\"",
					"JucePlugin_VSTNumMidiInputs=16",
					"JucePlugin_VSTNumMidiOutputs=16",
					"JucePlugin_ARAContentTypes=0",
					"JucePlugin_ARATransformationFlags=0",
					"JucePlugin_ARAFactoryID=\\\"com.yourcompany.JUCEbox.factory\\\"",
					"JucePlugin_ARADocumentArchiveID=\\\"com.yourcompany.JUCEbox.aradocumentarchive.1.0.0\\\"",
					"JucePlugin_ARACompatibleArchiveIDs=\\\"\\\"",
					"JUCE_STANDALONE_APPLICATION=JucePlugin_Build_Standalone",
					"JUCER_XCODE_MAC_F6D2F4CF=1",
					"JUCE_APP_VERSION=1.0.0",
					"JUCE_APP_VERSION_HEX=0x10000",
				);
				GCC_VERSION = com.apple.compilers.llvm.clang.1_0;
				HEADER_SEARCH_PATHS = (
					"$(SRCROOT)/../../JuceLibraryCode",
					"/Users/jeremybennett/projects/JUCE/modules",
					"/Users/jeremybennett/projects/JUCE/modules/juce_audio_plugin_client/AU",
					"$(inherited)",
				);
				INFOPLIST_FILE = Info-Standalone_Plugin.plist;
				INFOPLIST_PREPROCESS = NO;
				MACOSX_DEPLOYMENT_TARGET = 10.13;
				MTL_HEADER_SEARCH_PATHS = "$(SRCROOT)/../../JuceLibraryCode /Users/jeremybennett/projects/JUCE/modules /Users/jeremybennett/projects/JUCE/modules/juce_audio_plugin_client/AU";
				OTHER_LDFLAGS = "-lJUCEbox";
				PRODUCT_BUNDLE_IDENTIFIER = com.yourcompany.JUCEbox;
				PRODUCT_NAME = "JUCEbox";
				USE_HEADERMAP = NO;
				VALID_ARCHS = "i386 x86_64 arm64 arm64e";
			};
			name = Debug;
		};
/* End XCBuildConfiguration section */

/* Begin XCConfigurationList section */
		326E40DC865875AB55D1D0EC = {
			isa = XCConfigurationList;
			buildConfigurations = (
				E5E3055C9D7F1B7B25606E31,
				2C38F7DCF5D3B877C9AEBD6F,
			);
			defaultConfigurationIsVisible = 0;
			defaultConfigurationName = Debug;
		};
		4627E3F1F529FECE2A0AE8CE = {
			isa = XCConfigurationList;
			buildConfigurations = (
				3CD8A70F85C33D957A2C39C4,
				CFA890745C26F1DB07AA675D,
			);
			defaultConfigurationIsVisible = 0;
			defaultConfigurationName = Debug;
		};
		591C656EA24AD6071BB8925D = {
			isa = XCConfigurationList;
			buildConfigurations = (
				75331FA4E75766E4CDE87457,
				07A1A2FE2E0162376B74268B,
			);
			defaultConfigurationIsVisible = 0;
			defaultConfigurationName = Debug;
		};
		855837E8CF986C7920FFAC17 = {
			isa = XCConfigurationList;
			buildConfigurations = (
				A420042BD7EDC2E9F22556D3,
				D65AACEE6E3BC1A37CA3A832,
			);
			defaultConfigurationIsVisible = 0;
			defaultConfigurationName = Debug;
		};
		AB48D1A1E449DB72A0E96A57 = {
			isa = XCConfigurationList;
			buildConfigurations = (
				92B4C4C2AE9B68DBE114A949,
				2E22F204B5EB24A021C03586,
			);
			defaultConfigurationIsVisible = 0;
			defaultConfigurationName = Debug;
		};
/* End XCConfigurationList section */
	};
	rootObject = B102383CFDD1EF80D2001B82 /* Project object */;
}
